
Microsoft Visual Studio Solution File, Format Version 11.00
# Visual Studio 2010
# SharpDevelop 4.3
Project("{FAE04EC0-301F-11D3-BF4B-00C04F79EFBC}") = "EncryptIt", "EncryptIt\EncryptIt.csproj", "{268CA83A-D1CD-4B19-ADF0-61C39583E588}"
EndProject
Global
	GlobalSection(SolutionConfigurationPlatforms) = preSolution
		Debug|Any CPU = Debug|Any CPU
		Release|Any CPU = Release|Any CPU
	EndGlobalSection
	GlobalSection(ProjectConfigurationPlatforms) = postSolution
		{268CA83A-D1CD-4B19-ADF0-61C39583E588}.Debug|Any CPU.Build.0 = Debug|Any CPU
		{268CA83A-D1CD-4B19-ADF0-61C39583E588}.Debug|Any CPU.ActiveCfg = Debug|Any CPU
		{268CA83A-D1CD-4B19-ADF0-61C39583E588}.Release|Any CPU.Build.0 = Release|Any CPU
		{268CA83A-D1CD-4B19-ADF0-61C39583E588}.Release|Any CPU.ActiveCfg = Release|Any CPU
	EndGlobalSection
EndGlobal
